
Microsoft Visual Studio Solution File, Format Version 12.00
# Visual Studio Version 17
VisualStudioVersion = 17.6.33829.357
MinimumVisualStudioVersion = 10.0.40219.1
Project("{FAE04EC0-301F-11D3-BF4B-00C04F79EFBC}") = "Bowling", "Bowling\Bowling.csproj", "{1719A543-04F4-40BF-95BA-5B87460238FE}"
EndProject
Project("{FAE04EC0-301F-11D3-BF4B-00C04F79EFBC}") = "BowlingTests", "BowlingTests\BowlingTests.csproj", "{F13C5FFF-625C-48A8-9F75-F6B5E5665FCA}"
EndProject
Global
	GlobalSection(SolutionConfigurationPlatforms) = preSolution
		Debug|Any CPU = Debug|Any CPU
		Release|Any CPU = Release|Any CPU
	EndGlobalSection
	GlobalSection(ProjectConfigurationPlatforms) = postSolution
		{1719A543-04F4-40BF-95BA-5B87460238FE}.Debug|Any CPU.ActiveCfg = Debug|Any CPU
		{1719A543-04F4-40BF-95BA-5B87460238FE}.Debug|Any CPU.Build.0 = Debug|Any CPU
		{1719A543-04F4-40BF-95BA-5B87460238FE}.Release|Any CPU.ActiveCfg = Release|Any CPU
		{1719A543-04F4-40BF-95BA-5B87460238FE}.Release|Any CPU.Build.0 = Release|Any CPU
		{F13C5FFF-625C-48A8-9F75-F6B5E5665FCA}.Debug|Any CPU.ActiveCfg = Debug|Any CPU
		{F13C5FFF-625C-48A8-9F75-F6B5E5665FCA}.Debug|Any CPU.Build.0 = Debug|Any CPU
		{F13C5FFF-625C-48A8-9F75-F6B5E5665FCA}.Release|Any CPU.ActiveCfg = Release|Any CPU
		{F13C5FFF-625C-48A8-9F75-F6B5E5665FCA}.Release|Any CPU.Build.0 = Release|Any CPU
	EndGlobalSection
	GlobalSection(SolutionProperties) = preSolution
		HideSolutionNode = FALSE
	EndGlobalSection
	GlobalSection(ExtensibilityGlobals) = postSolution
		SolutionGuid = {91EA236B-83A1-41A9-A7CC-CB500A68A481}
	EndGlobalSection
EndGlobal
